
Microsoft Visual Studio Solution File, Format Version 12.00
# Visual Studio Version 16
VisualStudioVersion = 16.0.29926.136
MinimumVisualStudioVersion = 10.0.40219.1
Project("{FAE04EC0-301F-11D3-BF4B-00C04F79EFBC}") = "BaitaplonMaps", "BaitaplonMaps\BaitaplonMaps.csproj", "{3F55DA2A-4005-4916-8CC0-F41DCE464B06}"
EndProject
Global
	GlobalSection(SolutionConfigurationPlatforms) = preSolution
		Debug|Any CPU = Debug|Any CPU
		Release|Any CPU = Release|Any CPU
	EndGlobalSection
	GlobalSection(ProjectConfigurationPlatforms) = postSolution
		{3F55DA2A-4005-4916-8CC0-F41DCE464B06}.Debug|Any CPU.ActiveCfg = Debug|Any CPU
		{3F55DA2A-4005-4916-8CC0-F41DCE464B06}.Debug|Any CPU.Build.0 = Debug|Any CPU
		{3F55DA2A-4005-4916-8CC0-F41DCE464B06}.Release|Any CPU.ActiveCfg = Release|Any CPU
		{3F55DA2A-4005-4916-8CC0-F41DCE464B06}.Release|Any CPU.Build.0 = Release|Any CPU
	EndGlobalSection
	GlobalSection(SolutionProperties) = preSolution
		HideSolutionNode = FALSE
	EndGlobalSection
	GlobalSection(ExtensibilityGlobals) = postSolution
		SolutionGuid = {DAE28AA4-223C-498C-9B5F-A51E9E6FC25A}
	EndGlobalSection
EndGlobal
